
Microsoft Visual Studio Solution File, Format Version 12.00
# Visual Studio 15
VisualStudioVersion = 15.0.28307.168
MinimumVisualStudioVersion = 10.0.40219.1
Project("{9A19103F-16F7-4668-BE54-9A1E7A4F7556}") = "Server", "Server\Server.csproj", "{767471F6-6492-4B7C-8821-7680C2FA8154}"
EndProject
Project("{9A19103F-16F7-4668-BE54-9A1E7A4F7556}") = "ConsoleApp", "ConsoleApp\ConsoleApp.csproj", "{79B35E40-4C30-4EC2-9ACF-BF7AEC5F6CA0}"
EndProject
Project("{9A19103F-16F7-4668-BE54-9A1E7A4F7556}") = "RunooServerApp", "RunooServerApp\RunooServerApp.csproj", "{F9A167CD-3C0E-4C87-8A40-6D77364AA076}"
EndProject
Global
	GlobalSection(SolutionConfigurationPlatforms) = preSolution
		Debug|Any CPU = Debug|Any CPU
		Release|Any CPU = Release|Any CPU
	EndGlobalSection
	GlobalSection(ProjectConfigurationPlatforms) = postSolution
		{767471F6-6492-4B7C-8821-7680C2FA8154}.Debug|Any CPU.ActiveCfg = Debug|Any CPU
		{767471F6-6492-4B7C-8821-7680C2FA8154}.Debug|Any CPU.Build.0 = Debug|Any CPU
		{767471F6-6492-4B7C-8821-7680C2FA8154}.Release|Any CPU.ActiveCfg = Release|Any CPU
		{767471F6-6492-4B7C-8821-7680C2FA8154}.Release|Any CPU.Build.0 = Release|Any CPU
		{79B35E40-4C30-4EC2-9ACF-BF7AEC5F6CA0}.Debug|Any CPU.ActiveCfg = Debug|Any CPU
		{79B35E40-4C30-4EC2-9ACF-BF7AEC5F6CA0}.Debug|Any CPU.Build.0 = Debug|Any CPU
		{79B35E40-4C30-4EC2-9ACF-BF7AEC5F6CA0}.Release|Any CPU.ActiveCfg = Release|Any CPU
		{79B35E40-4C30-4EC2-9ACF-BF7AEC5F6CA0}.Release|Any CPU.Build.0 = Release|Any CPU
		{F9A167CD-3C0E-4C87-8A40-6D77364AA076}.Debug|Any CPU.ActiveCfg = Debug|Any CPU
		{F9A167CD-3C0E-4C87-8A40-6D77364AA076}.Debug|Any CPU.Build.0 = Debug|Any CPU
		{F9A167CD-3C0E-4C87-8A40-6D77364AA076}.Release|Any CPU.ActiveCfg = Release|Any CPU
		{F9A167CD-3C0E-4C87-8A40-6D77364AA076}.Release|Any CPU.Build.0 = Release|Any CPU
	EndGlobalSection
	GlobalSection(SolutionProperties) = preSolution
		HideSolutionNode = FALSE
	EndGlobalSection
	GlobalSection(ExtensibilityGlobals) = postSolution
		SolutionGuid = {6DF181DC-3344-4AEE-9BC7-2F7F2A3CCD94}
	EndGlobalSection
EndGlobal
